// !$*UTF8*$!
{
	archiveVersion = 1;
	classes = {
	};
	objectVersion = 77;
	objects = {

/* Begin PBXBuildFile section */
		A43258B32D8B7D1100A4A2B8 /* ProjectFileStructureGuide.md in Resources */ = {isa = PBXBuildFile; fileRef = A43258B22D8B7D1100A4A2B8 /* ProjectFileStructureGuide.md */; };
		A45EF0E22D7D596200497186 /* .gitignore in Resources */ = {isa = PBXBuildFile; fileRef = A45EF0E12D7D596200497186 /* .gitignore */; };
		A4B6CD582D7E454500BAC91C /* FirebaseAnalytics in Frameworks */ = {isa = PBXBuildFile; productRef = A4B6CD572D7E454500BAC91C /* FirebaseAnalytics */; };
		A4B6CD5A2D7E454500BAC91C /* FirebaseAuth in Frameworks */ = {isa = PBXBuildFile; productRef = A4B6CD592D7E454500BAC91C /* FirebaseAuth */; };
		A4B6CD5C2D7E454500BAC91C /* FirebaseAuthCombine-Community in Frameworks */ = {isa = PBXBuildFile; productRef = A4B6CD5B2D7E454500BAC91C /* FirebaseAuthCombine-Community */; };
		A4B6CD5E2D7E454500BAC91C /* FirebaseCore in Frameworks */ = {isa = PBXBuildFile; productRef = A4B6CD5D2D7E454500BAC91C /* FirebaseCore */; };
		A4B6CD602D7E454500BAC91C /* FirebaseDatabase in Frameworks */ = {isa = PBXBuildFile; productRef = A4B6CD5F2D7E454500BAC91C /* FirebaseDatabase */; };
		A4B6CD622D7E454500BAC91C /* FirebaseFirestore in Frameworks */ = {isa = PBXBuildFile; productRef = A4B6CD612D7E454500BAC91C /* FirebaseFirestore */; };
		A4B6CD642D7E454500BAC91C /* FirebaseFirestoreCombine-Community in Frameworks */ = {isa = PBXBuildFile; productRef = A4B6CD632D7E454500BAC91C /* FirebaseFirestoreCombine-Community */; };
		A4B6CD662D7E454500BAC91C /* FirebaseStorage in Frameworks */ = {isa = PBXBuildFile; productRef = A4B6CD652D7E454500BAC91C /* FirebaseStorage */; };
		A4B6CD682D7E454500BAC91C /* FirebaseStorageCombine-Community in Frameworks */ = {isa = PBXBuildFile; productRef = A4B6CD672D7E454500BAC91C /* FirebaseStorageCombine-Community */; };
/* End PBXBuildFile section */

/* Begin PBXFileReference section */
		A43258B22D8B7D1100A4A2B8 /* ProjectFileStructureGuide.md */ = {isa = PBXFileReference; lastKnownFileType = net.daringfireball.markdown; path = ProjectFileStructureGuide.md; sourceTree = "<group>"; };
		A45EF0582D768ED000497186 /* Motivo.app */ = {isa = PBXFileReference; explicitFileType = wrapper.application; includeInIndex = 0; path = Motivo.app; sourceTree = BUILT_PRODUCTS_DIR; };
		A45EF0E12D7D596200497186 /* .gitignore */ = {isa = PBXFileReference; lastKnownFileType = text; path = .gitignore; sourceTree = "<group>"; };
/* End PBXFileReference section */

/* Begin PBXFileSystemSynchronizedBuildFileExceptionSet section */
		A45EF06D2D768ED100497186 /* Exceptions for "Motivo" folder in "Motivo" target */ = {
			isa = PBXFileSystemSynchronizedBuildFileExceptionSet;
			membershipExceptions = (
				Resources/Info.plist,
			);
			target = A45EF0572D768ED000497186 /* Motivo */;
		};
/* End PBXFileSystemSynchronizedBuildFileExceptionSet section */

/* Begin PBXFileSystemSynchronizedRootGroup section */
		A45EF05A2D768ED000497186 /* Motivo */ = {
			isa = PBXFileSystemSynchronizedRootGroup;
			exceptions = (
				A45EF06D2D768ED100497186 /* Exceptions for "Motivo" folder in "Motivo" target */,
			);
			path = Motivo;
			sourceTree = "<group>";
		};
/* End PBXFileSystemSynchronizedRootGroup section */

/* Begin PBXFrameworksBuildPhase section */
		A45EF0552D768ED000497186 /* Frameworks */ = {
			isa = PBXFrameworksBuildPhase;
			buildActionMask = 2147483647;
			files = (
				A4B6CD602D7E454500BAC91C /* FirebaseDatabase in Frameworks */,
				A4B6CD582D7E454500BAC91C /* FirebaseAnalytics in Frameworks */,
				A4B6CD5C2D7E454500BAC91C /* FirebaseAuthCombine-Community in Frameworks */,
				A4B6CD5E2D7E454500BAC91C /* FirebaseCore in Frameworks */,
				A4B6CD5A2D7E454500BAC91C /* FirebaseAuth in Frameworks */,
				A4B6CD662D7E454500BAC91C /* FirebaseStorage in Frameworks */,
				A4B6CD622D7E454500BAC91C /* FirebaseFirestore in Frameworks */,
				A4B6CD682D7E454500BAC91C /* FirebaseStorageCombine-Community in Frameworks */,
				A4B6CD642D7E454500BAC91C /* FirebaseFirestoreCombine-Community in Frameworks */,
			);
			runOnlyForDeploymentPostprocessing = 0;
		};
/* End PBXFrameworksBuildPhase section */

/* Begin PBXGroup section */
		A45EF04F2D768ED000497186 = {
			isa = PBXGroup;
			children = (
				A45EF05A2D768ED000497186 /* Motivo */,
				A45EF0592D768ED000497186 /* Products */,
				A45EF0E12D7D596200497186 /* .gitignore */,
				A43258B22D8B7D1100A4A2B8 /* ProjectFileStructureGuide.md */,
			);
			sourceTree = "<group>";
		};
		A45EF0592D768ED000497186 /* Products */ = {
			isa = PBXGroup;
			children = (
				A45EF0582D768ED000497186 /* Motivo.app */,
			);
			name = Products;
			sourceTree = "<group>";
		};
/* End PBXGroup section */

/* Begin PBXNativeTarget section */
		A45EF0572D768ED000497186 /* Motivo */ = {
			isa = PBXNativeTarget;
			buildConfigurationList = A45EF06E2D768ED100497186 /* Build configuration list for PBXNativeTarget "Motivo" */;
			buildPhases = (
				A45EF0542D768ED000497186 /* Sources */,
				A45EF0552D768ED000497186 /* Frameworks */,
				A45EF0562D768ED000497186 /* Resources */,
			);
			buildRules = (
			);
			dependencies = (
			);
			fileSystemSynchronizedGroups = (
				A45EF05A2D768ED000497186 /* Motivo */,
			);
			name = Motivo;
			packageProductDependencies = (
				A4B6CD572D7E454500BAC91C /* FirebaseAnalytics */,
				A4B6CD592D7E454500BAC91C /* FirebaseAuth */,
				A4B6CD5B2D7E454500BAC91C /* FirebaseAuthCombine-Community */,
				A4B6CD5D2D7E454500BAC91C /* FirebaseCore */,
				A4B6CD5F2D7E454500BAC91C /* FirebaseDatabase */,
				A4B6CD612D7E454500BAC91C /* FirebaseFirestore */,
				A4B6CD632D7E454500BAC91C /* FirebaseFirestoreCombine-Community */,
				A4B6CD652D7E454500BAC91C /* FirebaseStorage */,
				A4B6CD672D7E454500BAC91C /* FirebaseStorageCombine-Community */,
			);
			productName = Motivo;
			productReference = A45EF0582D768ED000497186 /* Motivo.app */;
			productType = "com.apple.product-type.application";
		};
/* End PBXNativeTarget section */

/* Begin PBXProject section */
		A45EF0502D768ED000497186 /* Project object */ = {
			isa = PBXProject;
			attributes = {
				BuildIndependentTargetsInParallel = 1;
				LastSwiftUpdateCheck = 1620;
				LastUpgradeCheck = 1620;
				TargetAttributes = {
					A45EF0572D768ED000497186 = {
						CreatedOnToolsVersion = 16.2;
					};
				};
			};
			buildConfigurationList = A45EF0532D768ED000497186 /* Build configuration list for PBXProject "Motivo" */;
			developmentRegion = en;
			hasScannedForEncodings = 0;
			knownRegions = (
				en,
				Base,
			);
			mainGroup = A45EF04F2D768ED000497186;
			minimizedProjectReferenceProxies = 1;
			packageReferences = (
				A4B6CD562D7E454500BAC91C /* XCRemoteSwiftPackageReference "firebase-ios-sdk" */,
			);
			preferredProjectObjectVersion = 77;
			productRefGroup = A45EF0592D768ED000497186 /* Products */;
			projectDirPath = "";
			projectRoot = "";
			targets = (
				A45EF0572D768ED000497186 /* Motivo */,
			);
		};
/* End PBXProject section */

/* Begin PBXResourcesBuildPhase section */
		A45EF0562D768ED000497186 /* Resources */ = {
			isa = PBXResourcesBuildPhase;
			buildActionMask = 2147483647;
			files = (
				A43258B32D8B7D1100A4A2B8 /* ProjectFileStructureGuide.md in Resources */,
				A45EF0E22D7D596200497186 /* .gitignore in Resources */,
			);
			runOnlyForDeploymentPostprocessing = 0;
		};
/* End PBXResourcesBuildPhase section */

/* Begin PBXSourcesBuildPhase section */
		A45EF0542D768ED000497186 /* Sources */ = {
			isa = PBXSourcesBuildPhase;
			buildActionMask = 2147483647;
			files = (
			);
			runOnlyForDeploymentPostprocessing = 0;
		};
/* End PBXSourcesBuildPhase section */

/* Begin XCBuildConfiguration section */
		A45EF06F2D768ED100497186 /* Debug */ = {
			isa = XCBuildConfiguration;
			buildSettings = {
				ASSETCATALOG_COMPILER_APPICON_NAME = AppIcon;
				ASSETCATALOG_COMPILER_GLOBAL_ACCENT_COLOR_NAME = AccentColor;
				CODE_SIGN_STYLE = Automatic;
				CURRENT_PROJECT_VERSION = 1;
				DEVELOPMENT_TEAM = W3QQQFA5T8;
				GENERATE_INFOPLIST_FILE = YES;
				INFOPLIST_FILE = Motivo/Resources/Info.plist;
				INFOPLIST_KEY_UIApplicationSupportsIndirectInputEvents = YES;
				INFOPLIST_KEY_UILaunchStoryboardName = LaunchScreen;
				INFOPLIST_KEY_UISupportedInterfaceOrientations_iPad = "UIInterfaceOrientationPortrait UIInterfaceOrientationPortraitUpsideDown UIInterfaceOrientationLandscapeLeft UIInterfaceOrientationLandscapeRight";
				INFOPLIST_KEY_UISupportedInterfaceOrientations_iPhone = "UIInterfaceOrientationPortrait UIInterfaceOrientationLandscapeLeft UIInterfaceOrientationLandscapeRight";
				LD_RUNPATH_SEARCH_PATHS = (
					"$(inherited)",
					"@executable_path/Frameworks",
				);
				MARKETING_VERSION = 1.0;
				PRODUCT_BUNDLE_IDENTIFIER = utcs.Motivo;
				PRODUCT_NAME = "$(TARGET_NAME)";
				SWIFT_EMIT_LOC_STRINGS = YES;
				SWIFT_VERSION = 5.0;
				TARGETED_DEVICE_FAMILY = "1,2";
			};
			name = Debug;
		};
		A45EF0702D768ED100497186 /* Release */ = {
			isa = XCBuildConfiguration;
			buildSettings = {
				ASSETCATALOG_COMPILER_APPICON_NAME = AppIcon;
				ASSETCATALOG_COMPILER_GLOBAL_ACCENT_COLOR_NAME = AccentColor;
				CODE_SIGN_STYLE = Automatic;
				CURRENT_PROJECT_VERSION = 1;
				DEVELOPMENT_TEAM = W3QQQFA5T8;
				GENERATE_INFOPLIST_FILE = YES;
				INFOPLIST_FILE = Motivo/Resources/Info.plist;
				INFOPLIST_KEY_UIApplicationSupportsIndirectInputEvents = YES;
				INFOPLIST_KEY_UILaunchStoryboardName = LaunchScreen;
				INFOPLIST_KEY_UISupportedInterfaceOrientations_iPad = "UIInterfaceOrientationPortrait UIInterfaceOrientationPortraitUpsideDown UIInterfaceOrientationLandscapeLeft UIInterfaceOrientationLandscapeRight";
				INFOPLIST_KEY_UISupportedInterfaceOrientations_iPhone = "UIInterfaceOrientationPortrait UIInterfaceOrientationLandscapeLeft UIInterfaceOrientationLandscapeRight";
				LD_RUNPATH_SEARCH_PATHS = (
					"$(inherited)",
					"@executable_path/Frameworks",
				);
				MARKETING_VERSION = 1.0;
				PRODUCT_BUNDLE_IDENTIFIER = utcs.Motivo;
				PRODUCT_NAME = "$(TARGET_NAME)";
				SWIFT_EMIT_LOC_STRINGS = YES;
				SWIFT_VERSION = 5.0;
				TARGETED_DEVICE_FAMILY = "1,2";
			};
			name = Release;
		};
		A45EF0712D768ED100497186 /* Debug */ = {
			isa = XCBuildConfiguration;
			buildSettings = {
				ALWAYS_SEARCH_USER_PATHS = NO;
				ASSETCATALOG_COMPILER_GENERATE_SWIFT_ASSET_SYMBOL_EXTENSIONS = YES;
				CLANG_ANALYZER_NONNULL = YES;
				CLANG_ANALYZER_NUMBER_OBJECT_CONVERSION = YES_AGGRESSIVE;
				CLANG_CXX_LANGUAGE_STANDARD = "gnu++20";
				CLANG_ENABLE_MODULES = YES;
				CLANG_ENABLE_OBJC_ARC = YES;
				CLANG_ENABLE_OBJC_WEAK = YES;
				CLANG_WARN_BLOCK_CAPTURE_AUTORELEASING = YES;
				CLANG_WARN_BOOL_CONVERSION = YES;
				CLANG_WARN_COMMA = YES;
				CLANG_WARN_CONSTANT_CONVERSION = YES;
				CLANG_WARN_DEPRECATED_OBJC_IMPLEMENTATIONS = YES;
				CLANG_WARN_DIRECT_OBJC_ISA_USAGE = YES_ERROR;
				CLANG_WARN_DOCUMENTATION_COMMENTS = YES;
				CLANG_WARN_EMPTY_BODY = YES;
				CLANG_WARN_ENUM_CONVERSION = YES;
				CLANG_WARN_INFINITE_RECURSION = YES;
				CLANG_WARN_INT_CONVERSION = YES;
				CLANG_WARN_NON_LITERAL_NULL_CONVERSION = YES;
				CLANG_WARN_OBJC_IMPLICIT_RETAIN_SELF = YES;
				CLANG_WARN_OBJC_LITERAL_CONVERSION = YES;
				CLANG_WARN_OBJC_ROOT_CLASS = YES_ERROR;
				CLANG_WARN_QUOTED_INCLUDE_IN_FRAMEWORK_HEADER = YES;
				CLANG_WARN_RANGE_LOOP_ANALYSIS = YES;
				CLANG_WARN_STRICT_PROTOTYPES = YES;
				CLANG_WARN_SUSPICIOUS_MOVE = YES;
				CLANG_WARN_UNGUARDED_AVAILABILITY = YES_AGGRESSIVE;
				CLANG_WARN_UNREACHABLE_CODE = YES;
				CLANG_WARN__DUPLICATE_METHOD_MATCH = YES;
				COPY_PHASE_STRIP = NO;
				DEBUG_INFORMATION_FORMAT = dwarf;
				ENABLE_STRICT_OBJC_MSGSEND = YES;
				ENABLE_TESTABILITY = YES;
				ENABLE_USER_SCRIPT_SANDBOXING = YES;
				GCC_C_LANGUAGE_STANDARD = gnu17;
				GCC_DYNAMIC_NO_PIC = NO;
				GCC_NO_COMMON_BLOCKS = YES;
				GCC_OPTIMIZATION_LEVEL = 0;
				GCC_PREPROCESSOR_DEFINITIONS = (
					"DEBUG=1",
					"$(inherited)",
				);
				GCC_WARN_64_TO_32_BIT_CONVERSION = YES;
				GCC_WARN_ABOUT_RETURN_TYPE = YES_ERROR;
				GCC_WARN_UNDECLARED_SELECTOR = YES;
				GCC_WARN_UNINITIALIZED_AUTOS = YES_AGGRESSIVE;
				GCC_WARN_UNUSED_FUNCTION = YES;
				GCC_WARN_UNUSED_VARIABLE = YES;
				IPHONEOS_DEPLOYMENT_TARGET = 18.2;
				LOCALIZATION_PREFERS_STRING_CATALOGS = YES;
				MTL_ENABLE_DEBUG_INFO = INCLUDE_SOURCE;
				MTL_FAST_MATH = YES;
				ONLY_ACTIVE_ARCH = YES;
				SDKROOT = iphoneos;
				SWIFT_ACTIVE_COMPILATION_CONDITIONS = "DEBUG $(inherited)";
				SWIFT_OPTIMIZATION_LEVEL = "-Onone";
			};
			name = Debug;
		};
		A45EF0722D768ED100497186 /* Release */ = {
			isa = XCBuildConfiguration;
			buildSettings = {
				ALWAYS_SEARCH_USER_PATHS = NO;
				ASSETCATALOG_COMPILER_GENERATE_SWIFT_ASSET_SYMBOL_EXTENSIONS = YES;
				CLANG_ANALYZER_NONNULL = YES;
				CLANG_ANALYZER_NUMBER_OBJECT_CONVERSION = YES_AGGRESSIVE;
				CLANG_CXX_LANGUAGE_STANDARD = "gnu++20";
				CLANG_ENABLE_MODULES = YES;
				CLANG_ENABLE_OBJC_ARC = YES;
				CLANG_ENABLE_OBJC_WEAK = YES;
				CLANG_WARN_BLOCK_CAPTURE_AUTORELEASING = YES;
				CLANG_WARN_BOOL_CONVERSION = YES;
				CLANG_WARN_COMMA = YES;
				CLANG_WARN_CONSTANT_CONVERSION = YES;
				CLANG_WARN_DEPRECATED_OBJC_IMPLEMENTATIONS = YES;
				CLANG_WARN_DIRECT_OBJC_ISA_USAGE = YES_ERROR;
				CLANG_WARN_DOCUMENTATION_COMMENTS = YES;
				CLANG_WARN_EMPTY_BODY = YES;
				CLANG_WARN_ENUM_CONVERSION = YES;
				CLANG_WARN_INFINITE_RECURSION = YES;
				CLANG_WARN_INT_CONVERSION = YES;
				CLANG_WARN_NON_LITERAL_NULL_CONVERSION = YES;
				CLANG_WARN_OBJC_IMPLICIT_RETAIN_SELF = YES;
				CLANG_WARN_OBJC_LITERAL_CONVERSION = YES;
				CLANG_WARN_OBJC_ROOT_CLASS = YES_ERROR;
				CLANG_WARN_QUOTED_INCLUDE_IN_FRAMEWORK_HEADER = YES;
				CLANG_WARN_RANGE_LOOP_ANALYSIS = YES;
				CLANG_WARN_STRICT_PROTOTYPES = YES;
				CLANG_WARN_SUSPICIOUS_MOVE = YES;
				CLANG_WARN_UNGUARDED_AVAILABILITY = YES_AGGRESSIVE;
				CLANG_WARN_UNREACHABLE_CODE = YES;
				CLANG_WARN__DUPLICATE_METHOD_MATCH = YES;
				COPY_PHASE_STRIP = NO;
				DEBUG_INFORMATION_FORMAT = "dwarf-with-dsym";
				ENABLE_NS_ASSERTIONS = NO;
				ENABLE_STRICT_OBJC_MSGSEND = YES;
				ENABLE_USER_SCRIPT_SANDBOXING = YES;
				GCC_C_LANGUAGE_STANDARD = gnu17;
				GCC_NO_COMMON_BLOCKS = YES;
				GCC_WARN_64_TO_32_BIT_CONVERSION = YES;
				GCC_WARN_ABOUT_RETURN_TYPE = YES_ERROR;
				GCC_WARN_UNDECLARED_SELECTOR = YES;
				GCC_WARN_UNINITIALIZED_AUTOS = YES_AGGRESSIVE;
				GCC_WARN_UNUSED_FUNCTION = YES;
				GCC_WARN_UNUSED_VARIABLE = YES;
				IPHONEOS_DEPLOYMENT_TARGET = 18.2;
				LOCALIZATION_PREFERS_STRING_CATALOGS = YES;
				MTL_ENABLE_DEBUG_INFO = NO;
				MTL_FAST_MATH = YES;
				SDKROOT = iphoneos;
				SWIFT_COMPILATION_MODE = wholemodule;
				VALIDATE_PRODUCT = YES;
			};
			name = Release;
		};
/* End XCBuildConfiguration section */

/* Begin XCConfigurationList section */
		A45EF0532D768ED000497186 /* Build configuration list for PBXProject "Motivo" */ = {
			isa = XCConfigurationList;
			buildConfigurations = (
				A45EF0712D768ED100497186 /* Debug */,
				A45EF0722D768ED100497186 /* Release */,
			);
			defaultConfigurationIsVisible = 0;
			defaultConfigurationName = Release;
		};
		A45EF06E2D768ED100497186 /* Build configuration list for PBXNativeTarget "Motivo" */ = {
			isa = XCConfigurationList;
			buildConfigurations = (
				A45EF06F2D768ED100497186 /* Debug */,
				A45EF0702D768ED100497186 /* Release */,
			);
			defaultConfigurationIsVisible = 0;
			defaultConfigurationName = Release;
		};
/* End XCConfigurationList section */

/* Begin XCRemoteSwiftPackageReference section */
		A4B6CD562D7E454500BAC91C /* XCRemoteSwiftPackageReference "firebase-ios-sdk" */ = {
			isa = XCRemoteSwiftPackageReference;
			repositoryURL = "https://github.com/firebase/firebase-ios-sdk";
			requirement = {
				kind = upToNextMajorVersion;
				minimumVersion = 11.9.0;
			};
		};
/* End XCRemoteSwiftPackageReference section */

/* Begin XCSwiftPackageProductDependency section */
		A4B6CD572D7E454500BAC91C /* FirebaseAnalytics */ = {
			isa = XCSwiftPackageProductDependency;
			package = A4B6CD562D7E454500BAC91C /* XCRemoteSwiftPackageReference "firebase-ios-sdk" */;
			productName = FirebaseAnalytics;
		};
		A4B6CD592D7E454500BAC91C /* FirebaseAuth */ = {
			isa = XCSwiftPackageProductDependency;
			package = A4B6CD562D7E454500BAC91C /* XCRemoteSwiftPackageReference "firebase-ios-sdk" */;
			productName = FirebaseAuth;
		};
		A4B6CD5B2D7E454500BAC91C /* FirebaseAuthCombine-Community */ = {
			isa = XCSwiftPackageProductDependency;
			package = A4B6CD562D7E454500BAC91C /* XCRemoteSwiftPackageReference "firebase-ios-sdk" */;
			productName = "FirebaseAuthCombine-Community";
		};
		A4B6CD5D2D7E454500BAC91C /* FirebaseCore */ = {
			isa = XCSwiftPackageProductDependency;
			package = A4B6CD562D7E454500BAC91C /* XCRemoteSwiftPackageReference "firebase-ios-sdk" */;
			productName = FirebaseCore;
		};
		A4B6CD5F2D7E454500BAC91C /* FirebaseDatabase */ = {
			isa = XCSwiftPackageProductDependency;
			package = A4B6CD562D7E454500BAC91C /* XCRemoteSwiftPackageReference "firebase-ios-sdk" */;
			productName = FirebaseDatabase;
		};
		A4B6CD612D7E454500BAC91C /* FirebaseFirestore */ = {
			isa = XCSwiftPackageProductDependency;
			package = A4B6CD562D7E454500BAC91C /* XCRemoteSwiftPackageReference "firebase-ios-sdk" */;
			productName = FirebaseFirestore;
		};
		A4B6CD632D7E454500BAC91C /* FirebaseFirestoreCombine-Community */ = {
			isa = XCSwiftPackageProductDependency;
			package = A4B6CD562D7E454500BAC91C /* XCRemoteSwiftPackageReference "firebase-ios-sdk" */;
			productName = "FirebaseFirestoreCombine-Community";
		};
		A4B6CD652D7E454500BAC91C /* FirebaseStorage */ = {
			isa = XCSwiftPackageProductDependency;
			package = A4B6CD562D7E454500BAC91C /* XCRemoteSwiftPackageReference "firebase-ios-sdk" */;
			productName = FirebaseStorage;
		};
		A4B6CD672D7E454500BAC91C /* FirebaseStorageCombine-Community */ = {
			isa = XCSwiftPackageProductDependency;
			package = A4B6CD562D7E454500BAC91C /* XCRemoteSwiftPackageReference "firebase-ios-sdk" */;
			productName = "FirebaseStorageCombine-Community";
		};
/* End XCSwiftPackageProductDependency section */
	};
	rootObject = A45EF0502D768ED000497186 /* Project object */;
}
